<?xml version="1.0" encoding="utf-8"?>
<Project ToolsVersion="4.0" xmlns="http://schemas.microsoft.com/developer/msbuild/2003">
  <ItemGroup>
    <Filter Include="Syntax">
      <UniqueIdentifier>{a9dc1988-6e31-44a8-8dd2-4f453dac3f6e}</UniqueIdentifier>
    </Filter>
    <Filter Include="Syntax\ASTs">
      <UniqueIdentifier>{f17912f1-d85e-4b27-87a3-71d4eeab5ac0}</UniqueIdentifier>
    </Filter>
    <Filter Include="Syntax\Elementary">
      <UniqueIdentifier>{5a130909-d31f-4150-8b23-ac6bdb5c356c}</UniqueIdentifier>
    </Filter>
    <Filter Include="Syntax\ASTs\Reference">
      <UniqueIdentifier>{1abe80f7-d055-4059-a8f5-5d6c4f3b450b}</UniqueIdentifier>
    </Filter>
    <Filter Include="Syntax\ASTs\Composition">
      <UniqueIdentifier>{b33dbaa9-9a6a-46e4-b43e-4d66543ec88f}</UniqueIdentifier>
    </Filter>
    <Filter Include="Engine">
      <UniqueIdentifier>{713872aa-434a-41e4-b0fd-9a42b70c2d1b}</UniqueIdentifier>
    </Filter>
    <Filter Include="Engine\Producing">
      <UniqueIdentifier>{763cd024-f52e-49ed-9dec-03ee7bb7057e}</UniqueIdentifier>
    </Filter>
    <Filter Include="Engine\LexYacc">
      <UniqueIdentifier>{2a8aac2a-7391-41ec-b95d-af743df1913f}</UniqueIdentifier>
    </Filter>
    <Filter Include="Syntax\ASTs\Statement">
      <UniqueIdentifier>{a7cf5a2b-442f-41a0-a217-5389142510b3}</UniqueIdentifier>
    </Filter>
    <Filter Include="Evaluation">
      <UniqueIdentifier>{8f868480-3a8e-41a7-a22e-484b599918df}</UniqueIdentifier>
    </Filter>
  </ItemGroup>
  <ItemGroup>
    <ClInclude Include="Dependence.h" />
    <ClInclude Include="Elementary.h">
      <Filter>Syntax\Elementary</Filter>
    </ClInclude>
    <ClInclude Include="GrammarEnum.h">
      <Filter>Syntax</Filter>
    </ClInclude>
    <ClInclude Include="Producer.h">
      <Filter>Engine\Producing</Filter>
    </ClInclude>
    <ClInclude Include="Context.h">
      <Filter>Syntax\Elementary</Filter>
    </ClInclude>
    <ClInclude Include="ASTs.h">
      <Filter>Syntax\ASTs</Filter>
    </ClInclude>
    <ClInclude Include="Validators.h">
      <Filter>Engine\Producing</Filter>
    </ClInclude>
    <ClInclude Include="NullOperationValidator.h">
      <Filter>Engine\Producing</Filter>
    </ClInclude>
    <ClInclude Include="Engine.h">
      <Filter>Engine</Filter>
    </ClInclude>
    <ClInclude Include="Parser.yy.h">
      <Filter>Engine\LexYacc</Filter>
    </ClInclude>
    <ClInclude Include="position.hh">
      <Filter>Engine\LexYacc</Filter>
    </ClInclude>
    <ClInclude Include="Scanner.h">
      <Filter>Engine\LexYacc</Filter>
    </ClInclude>
    <ClInclude Include="stack.hh">
      <Filter>Engine\LexYacc</Filter>
    </ClInclude>
    <ClInclude Include="Function.h">
      <Filter>Syntax\Elementary</Filter>
    </ClInclude>
    <ClInclude Include="EssaySyntax.h">
      <Filter>Syntax\ASTs</Filter>
    </ClInclude>
    <ClInclude Include="DefineVariableSyntax.h">
      <Filter>Syntax\ASTs\Statement</Filter>
    </ClInclude>
    <ClInclude Include="VariableSyntax.h">
      <Filter>Syntax\ASTs\Reference</Filter>
    </ClInclude>
    <ClInclude Include="ScalarSyntax.h">
      <Filter>Syntax\ASTs\Reference</Filter>
    </ClInclude>
    <ClInclude Include="SyntaxEnum.h">
      <Filter>Syntax\Elementary</Filter>
    </ClInclude>
    <ClInclude Include="ChainSyntax.h">
      <Filter>Syntax\ASTs\Composition</Filter>
    </ClInclude>
    <ClInclude Include="OperationSyntax.h">
      <Filter>Syntax\ASTs\Composition</Filter>
    </ClInclude>
    <ClInclude Include="NoneSyntaxValidator.h">
      <Filter>Engine\Producing</Filter>
    </ClInclude>
    <ClInclude Include="NamingStack.h">
      <Filter>Engine\Producing</Filter>
    </ClInclude>
    <ClInclude Include="DuplicationValidator.h">
      <Filter>Engine\Producing</Filter>
    </ClInclude>
    <ClInclude Include="BlockSyntax.h">
      <Filter>Syntax\ASTs\Statement</Filter>
    </ClInclude>
    <ClInclude Include="AssignVariableSyntax.h">
      <Filter>Syntax\ASTs\Statement</Filter>
    </ClInclude>
    <ClInclude Include="UndefinedReferenceValidator.h">
      <Filter>Engine\Producing</Filter>
    </ClInclude>
    <ClInclude Include="DefineFunctionSyntax.h">
      <Filter>Syntax\ASTs\Statement</Filter>
    </ClInclude>
    <ClInclude Include="FunctionSyntax.h">
      <Filter>Syntax\ASTs\Reference</Filter>
    </ClInclude>
  </ItemGroup>
  <ItemGroup>
    <ClCompile Include="GrammarEnum.cpp">
      <Filter>Syntax</Filter>
    </ClCompile>
    <ClCompile Include="Producer.cpp">
      <Filter>Engine\Producing</Filter>
    </ClCompile>
    <ClCompile Include="Context.cpp">
      <Filter>Syntax\Elementary</Filter>
    </ClCompile>
    <ClCompile Include="NullOperationValidator.cpp">
      <Filter>Engine\Producing</Filter>
    </ClCompile>
    <ClCompile Include="Engine.cpp">
      <Filter>Engine</Filter>
    </ClCompile>
    <ClCompile Include="Parser.yy.cpp">
      <Filter>Engine\LexYacc</Filter>
    </ClCompile>
    <ClCompile Include="Scanner.cpp">
      <Filter>Engine\LexYacc</Filter>
    </ClCompile>
    <ClCompile Include="Scanner.ll.cpp">
      <Filter>Engine\LexYacc</Filter>
    </ClCompile>
    <ClCompile Include="Function.cpp">
      <Filter>Syntax\Elementary</Filter>
    </ClCompile>
    <ClCompile Include="EssaySyntax.cpp">
      <Filter>Syntax\ASTs</Filter>
    </ClCompile>
    <ClCompile Include="DefineVariableSyntax.cpp">
      <Filter>Syntax\ASTs\Statement</Filter>
    </ClCompile>
    <ClCompile Include="VariableSyntax.cpp">
      <Filter>Syntax\ASTs\Reference</Filter>
    </ClCompile>
    <ClCompile Include="SyntaxEnum.cpp">
      <Filter>Syntax\Elementary</Filter>
    </ClCompile>
    <ClCompile Include="ChainSyntax.cpp">
      <Filter>Syntax\ASTs\Composition</Filter>
    </ClCompile>
    <ClCompile Include="OperationSyntax.cpp">
      <Filter>Syntax\ASTs\Composition</Filter>
    </ClCompile>
    <ClCompile Include="ScalarSyntax.cpp">
      <Filter>Syntax\ASTs\Reference</Filter>
    </ClCompile>
    <ClCompile Include="NoneSyntaxValidator.cpp">
      <Filter>Engine\Producing</Filter>
    </ClCompile>
    <ClCompile Include="NamingStack.cpp">
      <Filter>Engine\Producing</Filter>
    </ClCompile>
    <ClCompile Include="DuplicationValidator.cpp">
      <Filter>Engine\Producing</Filter>
    </ClCompile>
    <ClCompile Include="BlockSyntax.cpp">
      <Filter>Syntax\ASTs\Statement</Filter>
    </ClCompile>
    <ClCompile Include="AssignVariableSyntax.cpp">
      <Filter>Syntax\ASTs\Statement</Filter>
    </ClCompile>
    <ClCompile Include="UndefinedReferenceValidator.cpp">
      <Filter>Engine\Producing</Filter>
    </ClCompile>
    <ClCompile Include="DefineFunctionSyntax.cpp">
      <Filter>Syntax\ASTs\Statement</Filter>
    </ClCompile>
    <ClCompile Include="FunctionSyntax.cpp">
      <Filter>Syntax\ASTs\Reference</Filter>
    </ClCompile>
  </ItemGroup>
  <ItemGroup>
    <None Include="FixFiles.cmd">
      <Filter>Engine\LexYacc</Filter>
    </None>
    <None Include="Parser.yy">
      <Filter>Engine\LexYacc</Filter>
    </None>
    <None Include="Scanner.ll">
      <Filter>Engine\LexYacc</Filter>
    </None>
  </ItemGroup>
</Project>