<?xml version="1.0" encoding="utf-8"?>
<Project ToolsVersion="4.0" xmlns="http://schemas.microsoft.com/developer/msbuild/2003">
  <ItemGroup>
    <ClInclude Include="Dependence.h" />
    <ClInclude Include="Failure.h">
      <Filter>Failure</Filter>
    </ClInclude>
    <ClInclude Include="Error.h" />
    <ClInclude Include="Variable.h" />
    <ClInclude Include="ProducingValidatable.h" />
    <ClInclude Include="Productor.h" />
    <ClInclude Include="UnacceptableWordException.h">
      <Filter>Failure</Filter>
    </ClInclude>
    <ClInclude Include="Scalar.h" />
    <ClInclude Include="AbstractSyntaxTree.h" />
  </ItemGroup>
  <ItemGroup>
    <Filter Include="Failure">
      <UniqueIdentifier>{d8acdbfc-3dff-4bbb-8691-604fc0f9245c}</UniqueIdentifier>
    </Filter>
  </ItemGroup>
  <ItemGroup>
    <ClCompile Include="Error.cpp" />
    <ClCompile Include="Productor.cpp" />
    <ClCompile Include="Variable.cpp" />
    <ClCompile Include="UnacceptableWordException.cpp">
      <Filter>Failure</Filter>
    </ClCompile>
    <ClCompile Include="Scalar.cpp" />
  </ItemGroup>
</Project>