
Microsoft Visual Studio Solution File, Format Version 12.00
# Visual Studio 14
VisualStudioVersion = 14.0.25123.0
MinimumVisualStudioVersion = 10.0.40219.1
Project("{8BC9CEB8-8B4A-11D0-8D11-00A0C91BC942}") = "Dominion.System", "System\System.vcxproj", "{025A8198-AAE4-419D-BF36-CC9A41B909BC}"
EndProject
Project("{FAE04EC0-301F-11D3-BF4B-00C04F79EFBC}") = "Dominion.Common", "Common\Dominion.Common.csproj", "{9B8A5AC3-78C1-47C5-BB05-67179FB492E7}"
EndProject
Project("{2150E333-8FDC-42A3-9474-1A3956D46DE8}") = "Compilation", "Compilation", "{1487B5C2-08C4-4D4F-A7A8-498A8704657F}"
EndProject
Project("{8BC9CEB8-8B4A-11D0-8D11-00A0C91BC942}") = "Dominion.Compilation.Syntax", "Compilation\Syntax\Syntax.vcxproj", "{6D310859-AB12-4D36-8806-D576453FF34D}"
EndProject
Project("{8BC9CEB8-8B4A-11D0-8D11-00A0C91BC942}") = "Dominion.Compilation.Essay.Engine", "Compilation\Essay\Engine\Engine.vcxproj", "{06819A0D-C445-43BB-BC7E-61BD5F4C2923}"
EndProject
Project("{2150E333-8FDC-42A3-9474-1A3956D46DE8}") = "Essay", "Essay", "{F6CB613F-331C-4E1F-BCB0-E97F26AB3533}"
EndProject
Global
	GlobalSection(SolutionConfigurationPlatforms) = preSolution
		Debug|Any CPU = Debug|Any CPU
		Debug|x64 = Debug|x64
		Debug|x86 = Debug|x86
		DebugCLI|Any CPU = DebugCLI|Any CPU
		DebugCLI|x64 = DebugCLI|x64
		DebugCLI|x86 = DebugCLI|x86
		Release|Any CPU = Release|Any CPU
		Release|x64 = Release|x64
		Release|x86 = Release|x86
	EndGlobalSection
	GlobalSection(ProjectConfigurationPlatforms) = postSolution
		{025A8198-AAE4-419D-BF36-CC9A41B909BC}.Debug|Any CPU.ActiveCfg = Debug|Win32
		{025A8198-AAE4-419D-BF36-CC9A41B909BC}.Debug|x64.ActiveCfg = Debug|x64
		{025A8198-AAE4-419D-BF36-CC9A41B909BC}.Debug|x64.Build.0 = Debug|x64
		{025A8198-AAE4-419D-BF36-CC9A41B909BC}.Debug|x86.ActiveCfg = Debug|Win32
		{025A8198-AAE4-419D-BF36-CC9A41B909BC}.Debug|x86.Build.0 = Debug|Win32
		{025A8198-AAE4-419D-BF36-CC9A41B909BC}.DebugCLI|Any CPU.ActiveCfg = DebugCLI|Win32
		{025A8198-AAE4-419D-BF36-CC9A41B909BC}.DebugCLI|x64.ActiveCfg = DebugCLI|x64
		{025A8198-AAE4-419D-BF36-CC9A41B909BC}.DebugCLI|x64.Build.0 = DebugCLI|x64
		{025A8198-AAE4-419D-BF36-CC9A41B909BC}.DebugCLI|x86.ActiveCfg = DebugCLI|Win32
		{025A8198-AAE4-419D-BF36-CC9A41B909BC}.DebugCLI|x86.Build.0 = DebugCLI|Win32
		{025A8198-AAE4-419D-BF36-CC9A41B909BC}.Release|Any CPU.ActiveCfg = Release|Win32
		{025A8198-AAE4-419D-BF36-CC9A41B909BC}.Release|x64.ActiveCfg = Release|x64
		{025A8198-AAE4-419D-BF36-CC9A41B909BC}.Release|x64.Build.0 = Release|x64
		{025A8198-AAE4-419D-BF36-CC9A41B909BC}.Release|x86.ActiveCfg = Release|Win32
		{025A8198-AAE4-419D-BF36-CC9A41B909BC}.Release|x86.Build.0 = Release|Win32
		{9B8A5AC3-78C1-47C5-BB05-67179FB492E7}.Debug|Any CPU.ActiveCfg = Debug|Any CPU
		{9B8A5AC3-78C1-47C5-BB05-67179FB492E7}.Debug|Any CPU.Build.0 = Debug|Any CPU
		{9B8A5AC3-78C1-47C5-BB05-67179FB492E7}.Debug|x64.ActiveCfg = Debug|Any CPU
		{9B8A5AC3-78C1-47C5-BB05-67179FB492E7}.Debug|x64.Build.0 = Debug|Any CPU
		{9B8A5AC3-78C1-47C5-BB05-67179FB492E7}.Debug|x86.ActiveCfg = Debug|Any CPU
		{9B8A5AC3-78C1-47C5-BB05-67179FB492E7}.Debug|x86.Build.0 = Debug|Any CPU
		{9B8A5AC3-78C1-47C5-BB05-67179FB492E7}.DebugCLI|Any CPU.ActiveCfg = Debug|Any CPU
		{9B8A5AC3-78C1-47C5-BB05-67179FB492E7}.DebugCLI|Any CPU.Build.0 = Debug|Any CPU
		{9B8A5AC3-78C1-47C5-BB05-67179FB492E7}.DebugCLI|x64.ActiveCfg = Debug|Any CPU
		{9B8A5AC3-78C1-47C5-BB05-67179FB492E7}.DebugCLI|x64.Build.0 = Debug|Any CPU
		{9B8A5AC3-78C1-47C5-BB05-67179FB492E7}.DebugCLI|x86.ActiveCfg = Debug|Any CPU
		{9B8A5AC3-78C1-47C5-BB05-67179FB492E7}.DebugCLI|x86.Build.0 = Debug|Any CPU
		{9B8A5AC3-78C1-47C5-BB05-67179FB492E7}.Release|Any CPU.ActiveCfg = Release|Any CPU
		{9B8A5AC3-78C1-47C5-BB05-67179FB492E7}.Release|Any CPU.Build.0 = Release|Any CPU
		{9B8A5AC3-78C1-47C5-BB05-67179FB492E7}.Release|x64.ActiveCfg = Release|Any CPU
		{9B8A5AC3-78C1-47C5-BB05-67179FB492E7}.Release|x64.Build.0 = Release|Any CPU
		{9B8A5AC3-78C1-47C5-BB05-67179FB492E7}.Release|x86.ActiveCfg = Release|Any CPU
		{9B8A5AC3-78C1-47C5-BB05-67179FB492E7}.Release|x86.Build.0 = Release|Any CPU
		{6D310859-AB12-4D36-8806-D576453FF34D}.Debug|Any CPU.ActiveCfg = Debug|Win32
		{6D310859-AB12-4D36-8806-D576453FF34D}.Debug|x64.ActiveCfg = Debug|x64
		{6D310859-AB12-4D36-8806-D576453FF34D}.Debug|x64.Build.0 = Debug|x64
		{6D310859-AB12-4D36-8806-D576453FF34D}.Debug|x86.ActiveCfg = Debug|Win32
		{6D310859-AB12-4D36-8806-D576453FF34D}.Debug|x86.Build.0 = Debug|Win32
		{6D310859-AB12-4D36-8806-D576453FF34D}.DebugCLI|Any CPU.ActiveCfg = Release|x64
		{6D310859-AB12-4D36-8806-D576453FF34D}.DebugCLI|Any CPU.Build.0 = Release|x64
		{6D310859-AB12-4D36-8806-D576453FF34D}.DebugCLI|x64.ActiveCfg = Debug|x64
		{6D310859-AB12-4D36-8806-D576453FF34D}.DebugCLI|x64.Build.0 = Debug|x64
		{6D310859-AB12-4D36-8806-D576453FF34D}.DebugCLI|x86.ActiveCfg = Debug|Win32
		{6D310859-AB12-4D36-8806-D576453FF34D}.DebugCLI|x86.Build.0 = Debug|Win32
		{6D310859-AB12-4D36-8806-D576453FF34D}.Release|Any CPU.ActiveCfg = Release|Win32
		{6D310859-AB12-4D36-8806-D576453FF34D}.Release|x64.ActiveCfg = Release|x64
		{6D310859-AB12-4D36-8806-D576453FF34D}.Release|x64.Build.0 = Release|x64
		{6D310859-AB12-4D36-8806-D576453FF34D}.Release|x86.ActiveCfg = Release|Win32
		{6D310859-AB12-4D36-8806-D576453FF34D}.Release|x86.Build.0 = Release|Win32
		{06819A0D-C445-43BB-BC7E-61BD5F4C2923}.Debug|Any CPU.ActiveCfg = Debug|Win32
		{06819A0D-C445-43BB-BC7E-61BD5F4C2923}.Debug|x64.ActiveCfg = Debug|x64
		{06819A0D-C445-43BB-BC7E-61BD5F4C2923}.Debug|x64.Build.0 = Debug|x64
		{06819A0D-C445-43BB-BC7E-61BD5F4C2923}.Debug|x86.ActiveCfg = Debug|Win32
		{06819A0D-C445-43BB-BC7E-61BD5F4C2923}.Debug|x86.Build.0 = Debug|Win32
		{06819A0D-C445-43BB-BC7E-61BD5F4C2923}.DebugCLI|Any CPU.ActiveCfg = Release|x64
		{06819A0D-C445-43BB-BC7E-61BD5F4C2923}.DebugCLI|Any CPU.Build.0 = Release|x64
		{06819A0D-C445-43BB-BC7E-61BD5F4C2923}.DebugCLI|x64.ActiveCfg = Debug|x64
		{06819A0D-C445-43BB-BC7E-61BD5F4C2923}.DebugCLI|x64.Build.0 = Debug|x64
		{06819A0D-C445-43BB-BC7E-61BD5F4C2923}.DebugCLI|x86.ActiveCfg = Debug|Win32
		{06819A0D-C445-43BB-BC7E-61BD5F4C2923}.DebugCLI|x86.Build.0 = Debug|Win32
		{06819A0D-C445-43BB-BC7E-61BD5F4C2923}.Release|Any CPU.ActiveCfg = Release|Win32
		{06819A0D-C445-43BB-BC7E-61BD5F4C2923}.Release|x64.ActiveCfg = Release|x64
		{06819A0D-C445-43BB-BC7E-61BD5F4C2923}.Release|x64.Build.0 = Release|x64
		{06819A0D-C445-43BB-BC7E-61BD5F4C2923}.Release|x86.ActiveCfg = Release|Win32
		{06819A0D-C445-43BB-BC7E-61BD5F4C2923}.Release|x86.Build.0 = Release|Win32
	EndGlobalSection
	GlobalSection(SolutionProperties) = preSolution
		HideSolutionNode = FALSE
	EndGlobalSection
	GlobalSection(NestedProjects) = preSolution
		{6D310859-AB12-4D36-8806-D576453FF34D} = {1487B5C2-08C4-4D4F-A7A8-498A8704657F}
		{06819A0D-C445-43BB-BC7E-61BD5F4C2923} = {F6CB613F-331C-4E1F-BCB0-E97F26AB3533}
		{F6CB613F-331C-4E1F-BCB0-E97F26AB3533} = {1487B5C2-08C4-4D4F-A7A8-498A8704657F}
	EndGlobalSection
EndGlobal
