
Microsoft Visual Studio Solution File, Format Version 12.00
# Visual Studio 14
VisualStudioVersion = 14.0.23107.0
MinimumVisualStudioVersion = 10.0.40219.1
Project("{8BC9CEB8-8B4A-11D0-8D11-00A0C91BC942}") = "Dominion.Compilation.TransactSQL", "TransactSQL\TransactSQL.vcxproj", "{BBBCD646-36D9-4F05-BD8C-BE8784CC7E9F}"
EndProject
Project("{8BC9CEB8-8B4A-11D0-8D11-00A0C91BC942}") = "Dominion.Compilation.Syntax", "Syntax\Syntax.vcxproj", "{6D310859-AB12-4D36-8806-D576453FF34D}"
	ProjectSection(ProjectDependencies) = postProject
		{025A8198-AAE4-419D-BF36-CC9A41B909BC} = {025A8198-AAE4-419D-BF36-CC9A41B909BC}
	EndProjectSection
EndProject
Project("{8BC9CEB8-8B4A-11D0-8D11-00A0C91BC942}") = "Dominion.Compilation.Essay.Main", "Essay.Main\Essay.Main.vcxproj", "{42BBA399-9FE9-4B42-9CCF-C4983B27A0EF}"
EndProject
Project("{8BC9CEB8-8B4A-11D0-8D11-00A0C91BC942}") = "Dominion.Native.System", "..\Native\System\System.vcxproj", "{025A8198-AAE4-419D-BF36-CC9A41B909BC}"
EndProject
Project("{8BC9CEB8-8B4A-11D0-8D11-00A0C91BC942}") = "Dominion.Compilation.Essay.Interoperation", "Essay\Interoperation\Interoperation.vcxproj", "{8A3278FB-C9B1-49A7-A3F7-BD43F3662D6E}"
EndProject
Project("{FAE04EC0-301F-11D3-BF4B-00C04F79EFBC}") = "Dominion.Dotnet.System", "..\Dotnet\System\Dominion.Dotnet.System.csproj", "{9B8A5AC3-78C1-47C5-BB05-67179FB492E7}"
EndProject
Project("{FAE04EC0-301F-11D3-BF4B-00C04F79EFBC}") = "EssayManagedCompiler", "EssayManagedCompiler\EssayManagedCompiler.csproj", "{6E2B0FA8-F1D9-45AF-821D-16414630573C}"
EndProject
Project("{2150E333-8FDC-42A3-9474-1A3956D46DE8}") = "Essay", "Essay", "{6D0CEB99-992E-4E74-9040-9E3DBAA18F4A}"
EndProject
Project("{2150E333-8FDC-42A3-9474-1A3956D46DE8}") = "TransactSQL", "TransactSQL", "{1840D6A4-4DBD-42B8-AA60-4A64BC100FB1}"
EndProject
Project("{2150E333-8FDC-42A3-9474-1A3956D46DE8}") = "Dependencies", "Dependencies", "{AA9A6DD9-92C7-49E3-987B-047711DCD605}"
EndProject
Project("{FAE04EC0-301F-11D3-BF4B-00C04F79EFBC}") = "Dominion.Compilation.Essay.Evaluation", "Essay\Evaluation\Dominion.Compilation.Essay.Evaluation.csproj", "{A66B904F-264F-4403-A4E4-9D7292B533F8}"
EndProject
Project("{8BC9CEB8-8B4A-11D0-8D11-00A0C91BC942}") = "Dominion.Compilation.Essay.Engine", "Essay\Engine\Engine.vcxproj", "{06819A0D-C445-43BB-BC7E-61BD5F4C2923}"
	ProjectSection(ProjectDependencies) = postProject
		{6D310859-AB12-4D36-8806-D576453FF34D} = {6D310859-AB12-4D36-8806-D576453FF34D}
		{025A8198-AAE4-419D-BF36-CC9A41B909BC} = {025A8198-AAE4-419D-BF36-CC9A41B909BC}
		{9B8A5AC3-78C1-47C5-BB05-67179FB492E7} = {9B8A5AC3-78C1-47C5-BB05-67179FB492E7}
	EndProjectSection
EndProject
Global
	GlobalSection(SolutionConfigurationPlatforms) = preSolution
		Debug|Any CPU = Debug|Any CPU
		Debug|x64 = Debug|x64
		Debug|x86 = Debug|x86
		Release|Any CPU = Release|Any CPU
		Release|x64 = Release|x64
		Release|x86 = Release|x86
	EndGlobalSection
	GlobalSection(ProjectConfigurationPlatforms) = postSolution
		{BBBCD646-36D9-4F05-BD8C-BE8784CC7E9F}.Debug|Any CPU.ActiveCfg = Debug|Win32
		{BBBCD646-36D9-4F05-BD8C-BE8784CC7E9F}.Debug|x64.ActiveCfg = Debug|x64
		{BBBCD646-36D9-4F05-BD8C-BE8784CC7E9F}.Debug|x64.Build.0 = Debug|x64
		{BBBCD646-36D9-4F05-BD8C-BE8784CC7E9F}.Debug|x86.ActiveCfg = Debug|Win32
		{BBBCD646-36D9-4F05-BD8C-BE8784CC7E9F}.Debug|x86.Build.0 = Debug|Win32
		{BBBCD646-36D9-4F05-BD8C-BE8784CC7E9F}.Release|Any CPU.ActiveCfg = Release|Win32
		{BBBCD646-36D9-4F05-BD8C-BE8784CC7E9F}.Release|x64.ActiveCfg = Release|x64
		{BBBCD646-36D9-4F05-BD8C-BE8784CC7E9F}.Release|x64.Build.0 = Release|x64
		{BBBCD646-36D9-4F05-BD8C-BE8784CC7E9F}.Release|x86.ActiveCfg = Release|Win32
		{BBBCD646-36D9-4F05-BD8C-BE8784CC7E9F}.Release|x86.Build.0 = Release|Win32
		{6D310859-AB12-4D36-8806-D576453FF34D}.Debug|Any CPU.ActiveCfg = Debug|Win32
		{6D310859-AB12-4D36-8806-D576453FF34D}.Debug|x64.ActiveCfg = Debug|x64
		{6D310859-AB12-4D36-8806-D576453FF34D}.Debug|x64.Build.0 = Debug|x64
		{6D310859-AB12-4D36-8806-D576453FF34D}.Debug|x86.ActiveCfg = Debug|Win32
		{6D310859-AB12-4D36-8806-D576453FF34D}.Debug|x86.Build.0 = Debug|Win32
		{6D310859-AB12-4D36-8806-D576453FF34D}.Release|Any CPU.ActiveCfg = Release|Win32
		{6D310859-AB12-4D36-8806-D576453FF34D}.Release|x64.ActiveCfg = Release|x64
		{6D310859-AB12-4D36-8806-D576453FF34D}.Release|x64.Build.0 = Release|x64
		{6D310859-AB12-4D36-8806-D576453FF34D}.Release|x86.ActiveCfg = Release|Win32
		{6D310859-AB12-4D36-8806-D576453FF34D}.Release|x86.Build.0 = Release|Win32
		{42BBA399-9FE9-4B42-9CCF-C4983B27A0EF}.Debug|Any CPU.ActiveCfg = Debug|Win32
		{42BBA399-9FE9-4B42-9CCF-C4983B27A0EF}.Debug|x64.ActiveCfg = Debug|x64
		{42BBA399-9FE9-4B42-9CCF-C4983B27A0EF}.Debug|x64.Build.0 = Debug|x64
		{42BBA399-9FE9-4B42-9CCF-C4983B27A0EF}.Debug|x86.ActiveCfg = Debug|Win32
		{42BBA399-9FE9-4B42-9CCF-C4983B27A0EF}.Debug|x86.Build.0 = Debug|Win32
		{42BBA399-9FE9-4B42-9CCF-C4983B27A0EF}.Release|Any CPU.ActiveCfg = Release|Win32
		{42BBA399-9FE9-4B42-9CCF-C4983B27A0EF}.Release|x64.ActiveCfg = Release|x64
		{42BBA399-9FE9-4B42-9CCF-C4983B27A0EF}.Release|x64.Build.0 = Release|x64
		{42BBA399-9FE9-4B42-9CCF-C4983B27A0EF}.Release|x86.ActiveCfg = Release|Win32
		{42BBA399-9FE9-4B42-9CCF-C4983B27A0EF}.Release|x86.Build.0 = Release|Win32
		{025A8198-AAE4-419D-BF36-CC9A41B909BC}.Debug|Any CPU.ActiveCfg = Debug|Win32
		{025A8198-AAE4-419D-BF36-CC9A41B909BC}.Debug|x64.ActiveCfg = Debug|x64
		{025A8198-AAE4-419D-BF36-CC9A41B909BC}.Debug|x64.Build.0 = Debug|x64
		{025A8198-AAE4-419D-BF36-CC9A41B909BC}.Debug|x86.ActiveCfg = Debug|Win32
		{025A8198-AAE4-419D-BF36-CC9A41B909BC}.Debug|x86.Build.0 = Debug|Win32
		{025A8198-AAE4-419D-BF36-CC9A41B909BC}.Release|Any CPU.ActiveCfg = Release|Win32
		{025A8198-AAE4-419D-BF36-CC9A41B909BC}.Release|x64.ActiveCfg = Release|x64
		{025A8198-AAE4-419D-BF36-CC9A41B909BC}.Release|x64.Build.0 = Release|x64
		{025A8198-AAE4-419D-BF36-CC9A41B909BC}.Release|x86.ActiveCfg = Release|Win32
		{025A8198-AAE4-419D-BF36-CC9A41B909BC}.Release|x86.Build.0 = Release|Win32
		{8A3278FB-C9B1-49A7-A3F7-BD43F3662D6E}.Debug|Any CPU.ActiveCfg = Debug|Win32
		{8A3278FB-C9B1-49A7-A3F7-BD43F3662D6E}.Debug|x64.ActiveCfg = Debug|x64
		{8A3278FB-C9B1-49A7-A3F7-BD43F3662D6E}.Debug|x64.Build.0 = Debug|x64
		{8A3278FB-C9B1-49A7-A3F7-BD43F3662D6E}.Debug|x86.ActiveCfg = Debug|Win32
		{8A3278FB-C9B1-49A7-A3F7-BD43F3662D6E}.Debug|x86.Build.0 = Debug|Win32
		{8A3278FB-C9B1-49A7-A3F7-BD43F3662D6E}.Release|Any CPU.ActiveCfg = Release|Win32
		{8A3278FB-C9B1-49A7-A3F7-BD43F3662D6E}.Release|x64.ActiveCfg = Release|x64
		{8A3278FB-C9B1-49A7-A3F7-BD43F3662D6E}.Release|x64.Build.0 = Release|x64
		{8A3278FB-C9B1-49A7-A3F7-BD43F3662D6E}.Release|x86.ActiveCfg = Release|Win32
		{8A3278FB-C9B1-49A7-A3F7-BD43F3662D6E}.Release|x86.Build.0 = Release|Win32
		{9B8A5AC3-78C1-47C5-BB05-67179FB492E7}.Debug|Any CPU.ActiveCfg = Debug|Any CPU
		{9B8A5AC3-78C1-47C5-BB05-67179FB492E7}.Debug|Any CPU.Build.0 = Debug|Any CPU
		{9B8A5AC3-78C1-47C5-BB05-67179FB492E7}.Debug|x64.ActiveCfg = Debug|Any CPU
		{9B8A5AC3-78C1-47C5-BB05-67179FB492E7}.Debug|x64.Build.0 = Debug|Any CPU
		{9B8A5AC3-78C1-47C5-BB05-67179FB492E7}.Debug|x86.ActiveCfg = Debug|Any CPU
		{9B8A5AC3-78C1-47C5-BB05-67179FB492E7}.Debug|x86.Build.0 = Debug|Any CPU
		{9B8A5AC3-78C1-47C5-BB05-67179FB492E7}.Release|Any CPU.ActiveCfg = Release|Any CPU
		{9B8A5AC3-78C1-47C5-BB05-67179FB492E7}.Release|Any CPU.Build.0 = Release|Any CPU
		{9B8A5AC3-78C1-47C5-BB05-67179FB492E7}.Release|x64.ActiveCfg = Release|Any CPU
		{9B8A5AC3-78C1-47C5-BB05-67179FB492E7}.Release|x64.Build.0 = Release|Any CPU
		{9B8A5AC3-78C1-47C5-BB05-67179FB492E7}.Release|x86.ActiveCfg = Release|Any CPU
		{9B8A5AC3-78C1-47C5-BB05-67179FB492E7}.Release|x86.Build.0 = Release|Any CPU
		{6E2B0FA8-F1D9-45AF-821D-16414630573C}.Debug|Any CPU.ActiveCfg = Debug|Any CPU
		{6E2B0FA8-F1D9-45AF-821D-16414630573C}.Debug|Any CPU.Build.0 = Debug|Any CPU
		{6E2B0FA8-F1D9-45AF-821D-16414630573C}.Debug|x64.ActiveCfg = Debug|Any CPU
		{6E2B0FA8-F1D9-45AF-821D-16414630573C}.Debug|x64.Build.0 = Debug|Any CPU
		{6E2B0FA8-F1D9-45AF-821D-16414630573C}.Debug|x86.ActiveCfg = Debug|Any CPU
		{6E2B0FA8-F1D9-45AF-821D-16414630573C}.Debug|x86.Build.0 = Debug|Any CPU
		{6E2B0FA8-F1D9-45AF-821D-16414630573C}.Release|Any CPU.ActiveCfg = Release|Any CPU
		{6E2B0FA8-F1D9-45AF-821D-16414630573C}.Release|Any CPU.Build.0 = Release|Any CPU
		{6E2B0FA8-F1D9-45AF-821D-16414630573C}.Release|x64.ActiveCfg = Release|Any CPU
		{6E2B0FA8-F1D9-45AF-821D-16414630573C}.Release|x64.Build.0 = Release|Any CPU
		{6E2B0FA8-F1D9-45AF-821D-16414630573C}.Release|x86.ActiveCfg = Release|Any CPU
		{6E2B0FA8-F1D9-45AF-821D-16414630573C}.Release|x86.Build.0 = Release|Any CPU
		{A66B904F-264F-4403-A4E4-9D7292B533F8}.Debug|Any CPU.ActiveCfg = Debug|Any CPU
		{A66B904F-264F-4403-A4E4-9D7292B533F8}.Debug|Any CPU.Build.0 = Debug|Any CPU
		{A66B904F-264F-4403-A4E4-9D7292B533F8}.Debug|x64.ActiveCfg = Debug|Any CPU
		{A66B904F-264F-4403-A4E4-9D7292B533F8}.Debug|x64.Build.0 = Debug|Any CPU
		{A66B904F-264F-4403-A4E4-9D7292B533F8}.Debug|x86.ActiveCfg = Debug|Any CPU
		{A66B904F-264F-4403-A4E4-9D7292B533F8}.Debug|x86.Build.0 = Debug|Any CPU
		{A66B904F-264F-4403-A4E4-9D7292B533F8}.Release|Any CPU.ActiveCfg = Release|Any CPU
		{A66B904F-264F-4403-A4E4-9D7292B533F8}.Release|Any CPU.Build.0 = Release|Any CPU
		{A66B904F-264F-4403-A4E4-9D7292B533F8}.Release|x64.ActiveCfg = Release|Any CPU
		{A66B904F-264F-4403-A4E4-9D7292B533F8}.Release|x64.Build.0 = Release|Any CPU
		{A66B904F-264F-4403-A4E4-9D7292B533F8}.Release|x86.ActiveCfg = Release|Any CPU
		{A66B904F-264F-4403-A4E4-9D7292B533F8}.Release|x86.Build.0 = Release|Any CPU
		{06819A0D-C445-43BB-BC7E-61BD5F4C2923}.Debug|Any CPU.ActiveCfg = Debug|Win32
		{06819A0D-C445-43BB-BC7E-61BD5F4C2923}.Debug|x64.ActiveCfg = Debug|x64
		{06819A0D-C445-43BB-BC7E-61BD5F4C2923}.Debug|x64.Build.0 = Debug|x64
		{06819A0D-C445-43BB-BC7E-61BD5F4C2923}.Debug|x86.ActiveCfg = Debug|Win32
		{06819A0D-C445-43BB-BC7E-61BD5F4C2923}.Debug|x86.Build.0 = Debug|Win32
		{06819A0D-C445-43BB-BC7E-61BD5F4C2923}.Release|Any CPU.ActiveCfg = Release|Win32
		{06819A0D-C445-43BB-BC7E-61BD5F4C2923}.Release|x64.ActiveCfg = Release|x64
		{06819A0D-C445-43BB-BC7E-61BD5F4C2923}.Release|x64.Build.0 = Release|x64
		{06819A0D-C445-43BB-BC7E-61BD5F4C2923}.Release|x86.ActiveCfg = Release|Win32
		{06819A0D-C445-43BB-BC7E-61BD5F4C2923}.Release|x86.Build.0 = Release|Win32
	EndGlobalSection
	GlobalSection(SolutionProperties) = preSolution
		HideSolutionNode = FALSE
	EndGlobalSection
	GlobalSection(NestedProjects) = preSolution
		{BBBCD646-36D9-4F05-BD8C-BE8784CC7E9F} = {1840D6A4-4DBD-42B8-AA60-4A64BC100FB1}
		{42BBA399-9FE9-4B42-9CCF-C4983B27A0EF} = {6D0CEB99-992E-4E74-9040-9E3DBAA18F4A}
		{025A8198-AAE4-419D-BF36-CC9A41B909BC} = {AA9A6DD9-92C7-49E3-987B-047711DCD605}
		{8A3278FB-C9B1-49A7-A3F7-BD43F3662D6E} = {6D0CEB99-992E-4E74-9040-9E3DBAA18F4A}
		{9B8A5AC3-78C1-47C5-BB05-67179FB492E7} = {AA9A6DD9-92C7-49E3-987B-047711DCD605}
		{6E2B0FA8-F1D9-45AF-821D-16414630573C} = {6D0CEB99-992E-4E74-9040-9E3DBAA18F4A}
		{A66B904F-264F-4403-A4E4-9D7292B533F8} = {6D0CEB99-992E-4E74-9040-9E3DBAA18F4A}
		{06819A0D-C445-43BB-BC7E-61BD5F4C2923} = {6D0CEB99-992E-4E74-9040-9E3DBAA18F4A}
	EndGlobalSection
EndGlobal
