
Microsoft Visual Studio Solution File, Format Version 12.00
# Visual Studio 14
VisualStudioVersion = 14.0.23107.0
MinimumVisualStudioVersion = 10.0.40219.1
Project("{8BC9CEB8-8B4A-11D0-8D11-00A0C91BC942}") = "Dominion.Compilation.TransactSQL", "TransactSQL\TransactSQL.vcxproj", "{BBBCD646-36D9-4F05-BD8C-BE8784CC7E9F}"
EndProject
Project("{2150E333-8FDC-42A3-9474-1A3956D46DE8}") = "Native", "Native", "{2D10FC04-2E89-40DB-8EED-92823E0472C6}"
EndProject
Project("{8BC9CEB8-8B4A-11D0-8D11-00A0C91BC942}") = "Dominion.Native.System", "..\Native\System\System.vcxproj", "{7B5DE6D3-AF7B-4C30-926B-5906915FB4AC}"
EndProject
Project("{8BC9CEB8-8B4A-11D0-8D11-00A0C91BC942}") = "Dominion.Native.Syntax", "..\Native\Syntax\Syntax.vcxproj", "{4A850A80-9840-4BF5-834F-C79368B02885}"
EndProject
Project("{8BC9CEB8-8B4A-11D0-8D11-00A0C91BC942}") = "Dominion.Compilation.Essay", "Essay\Essay.vcxproj", "{6C301935-AB8F-43C1-A8B1-A28355AC6B0B}"
EndProject
Project("{8BC9CEB8-8B4A-11D0-8D11-00A0C91BC942}") = "Dominion.Compilation.Syntax", "Syntax\Syntax.vcxproj", "{6D310859-AB12-4D36-8806-D576453FF34D}"
EndProject
Global
	GlobalSection(SolutionConfigurationPlatforms) = preSolution
		Debug|x64 = Debug|x64
		Debug|x86 = Debug|x86
		Release|x64 = Release|x64
		Release|x86 = Release|x86
	EndGlobalSection
	GlobalSection(ProjectConfigurationPlatforms) = postSolution
		{BBBCD646-36D9-4F05-BD8C-BE8784CC7E9F}.Debug|x64.ActiveCfg = Debug|x64
		{BBBCD646-36D9-4F05-BD8C-BE8784CC7E9F}.Debug|x64.Build.0 = Debug|x64
		{BBBCD646-36D9-4F05-BD8C-BE8784CC7E9F}.Debug|x86.ActiveCfg = Debug|Win32
		{BBBCD646-36D9-4F05-BD8C-BE8784CC7E9F}.Debug|x86.Build.0 = Debug|Win32
		{BBBCD646-36D9-4F05-BD8C-BE8784CC7E9F}.Release|x64.ActiveCfg = Release|x64
		{BBBCD646-36D9-4F05-BD8C-BE8784CC7E9F}.Release|x64.Build.0 = Release|x64
		{BBBCD646-36D9-4F05-BD8C-BE8784CC7E9F}.Release|x86.ActiveCfg = Release|Win32
		{BBBCD646-36D9-4F05-BD8C-BE8784CC7E9F}.Release|x86.Build.0 = Release|Win32
		{7B5DE6D3-AF7B-4C30-926B-5906915FB4AC}.Debug|x64.ActiveCfg = Debug|Win32
		{7B5DE6D3-AF7B-4C30-926B-5906915FB4AC}.Debug|x86.ActiveCfg = Debug|Win32
		{7B5DE6D3-AF7B-4C30-926B-5906915FB4AC}.Debug|x86.Build.0 = Debug|Win32
		{7B5DE6D3-AF7B-4C30-926B-5906915FB4AC}.Release|x64.ActiveCfg = Release|Win32
		{7B5DE6D3-AF7B-4C30-926B-5906915FB4AC}.Release|x86.ActiveCfg = Release|Win32
		{7B5DE6D3-AF7B-4C30-926B-5906915FB4AC}.Release|x86.Build.0 = Release|Win32
		{4A850A80-9840-4BF5-834F-C79368B02885}.Debug|x64.ActiveCfg = Debug|Win32
		{4A850A80-9840-4BF5-834F-C79368B02885}.Debug|x86.ActiveCfg = Debug|Win32
		{4A850A80-9840-4BF5-834F-C79368B02885}.Debug|x86.Build.0 = Debug|Win32
		{4A850A80-9840-4BF5-834F-C79368B02885}.Release|x64.ActiveCfg = Release|Win32
		{4A850A80-9840-4BF5-834F-C79368B02885}.Release|x86.ActiveCfg = Release|Win32
		{4A850A80-9840-4BF5-834F-C79368B02885}.Release|x86.Build.0 = Release|Win32
		{6C301935-AB8F-43C1-A8B1-A28355AC6B0B}.Debug|x64.ActiveCfg = Debug|x64
		{6C301935-AB8F-43C1-A8B1-A28355AC6B0B}.Debug|x64.Build.0 = Debug|x64
		{6C301935-AB8F-43C1-A8B1-A28355AC6B0B}.Debug|x86.ActiveCfg = Debug|Win32
		{6C301935-AB8F-43C1-A8B1-A28355AC6B0B}.Debug|x86.Build.0 = Debug|Win32
		{6C301935-AB8F-43C1-A8B1-A28355AC6B0B}.Release|x64.ActiveCfg = Release|x64
		{6C301935-AB8F-43C1-A8B1-A28355AC6B0B}.Release|x64.Build.0 = Release|x64
		{6C301935-AB8F-43C1-A8B1-A28355AC6B0B}.Release|x86.ActiveCfg = Release|Win32
		{6C301935-AB8F-43C1-A8B1-A28355AC6B0B}.Release|x86.Build.0 = Release|Win32
		{6D310859-AB12-4D36-8806-D576453FF34D}.Debug|x64.ActiveCfg = Debug|x64
		{6D310859-AB12-4D36-8806-D576453FF34D}.Debug|x64.Build.0 = Debug|x64
		{6D310859-AB12-4D36-8806-D576453FF34D}.Debug|x86.ActiveCfg = Debug|Win32
		{6D310859-AB12-4D36-8806-D576453FF34D}.Debug|x86.Build.0 = Debug|Win32
		{6D310859-AB12-4D36-8806-D576453FF34D}.Release|x64.ActiveCfg = Release|x64
		{6D310859-AB12-4D36-8806-D576453FF34D}.Release|x64.Build.0 = Release|x64
		{6D310859-AB12-4D36-8806-D576453FF34D}.Release|x86.ActiveCfg = Release|Win32
		{6D310859-AB12-4D36-8806-D576453FF34D}.Release|x86.Build.0 = Release|Win32
	EndGlobalSection
	GlobalSection(SolutionProperties) = preSolution
		HideSolutionNode = FALSE
	EndGlobalSection
	GlobalSection(NestedProjects) = preSolution
		{7B5DE6D3-AF7B-4C30-926B-5906915FB4AC} = {2D10FC04-2E89-40DB-8EED-92823E0472C6}
		{4A850A80-9840-4BF5-834F-C79368B02885} = {2D10FC04-2E89-40DB-8EED-92823E0472C6}
	EndGlobalSection
EndGlobal
