<?xml version="1.0" encoding="utf-8"?>
<Project ToolsVersion="4.0" xmlns="http://schemas.microsoft.com/developer/msbuild/2003">
  <ItemGroup>
    <Filter Include="Failure">
      <UniqueIdentifier>{5f8ab366-bd1e-4f59-b7d9-56de597adbc1}</UniqueIdentifier>
    </Filter>
  </ItemGroup>
  <ItemGroup>
    <ClInclude Include="AbstractSyntaxTree.h" />
    <ClInclude Include="Dependence.h" />
    <ClInclude Include="Error.h" />
    <ClInclude Include="Failure.h" />
    <ClInclude Include="Productor.h" />
    <ClInclude Include="Scalar.h" />
    <ClInclude Include="ValidateProduction.h" />
    <ClInclude Include="Variable.h" />
    <ClInclude Include="UnacceptableWordException.h">
      <Filter>Failure</Filter>
    </ClInclude>
    <ClInclude Include="Namespace.h" />
    <ClInclude Include="Identifier.h" />
    <ClInclude Include="NamedReference.h" />
    <ClInclude Include="AccessType.h" />
    <ClInclude Include="VariableType.h" />
  </ItemGroup>
  <ItemGroup>
    <ClCompile Include="Error.cpp" />
    <ClCompile Include="Productor.cpp" />
    <ClCompile Include="Scalar.cpp" />
    <ClCompile Include="Variable.cpp" />
    <ClCompile Include="UnacceptableWordException.cpp">
      <Filter>Failure</Filter>
    </ClCompile>
    <ClCompile Include="Namespace.cpp" />
    <ClCompile Include="Identifier.cpp" />
    <ClCompile Include="NamedReference.cpp" />
    <ClCompile Include="AccessType.cpp" />
    <ClCompile Include="VariableType.cpp" />
  </ItemGroup>
</Project>